
Microsoft Visual Studio Solution File, Format Version 12.00
# Visual Studio Version 16
VisualStudioVersion = 16.0.31515.178
MinimumVisualStudioVersion = 10.0.40219.1
Project("{8BC9CEB8-8B4A-11D0-8D11-00A0C91BC942}") = "ttt", "ttt\ttt.vcxproj", "{56EF8FBE-281A-4BCF-AFAA-6F6C9B8E7110}"
EndProject
Global
	GlobalSection(SolutionConfigurationPlatforms) = preSolution
		Debug|x64 = Debug|x64
		Debug|x86 = Debug|x86
		Release|x64 = Release|x64
		Release|x86 = Release|x86
	EndGlobalSection
	GlobalSection(ProjectConfigurationPlatforms) = postSolution
		{56EF8FBE-281A-4BCF-AFAA-6F6C9B8E7110}.Debug|x64.ActiveCfg = Debug|x64
		{56EF8FBE-281A-4BCF-AFAA-6F6C9B8E7110}.Debug|x64.Build.0 = Debug|x64
		{56EF8FBE-281A-4BCF-AFAA-6F6C9B8E7110}.Debug|x86.ActiveCfg = Debug|Win32
		{56EF8FBE-281A-4BCF-AFAA-6F6C9B8E7110}.Debug|x86.Build.0 = Debug|Win32
		{56EF8FBE-281A-4BCF-AFAA-6F6C9B8E7110}.Release|x64.ActiveCfg = Release|x64
		{56EF8FBE-281A-4BCF-AFAA-6F6C9B8E7110}.Release|x64.Build.0 = Release|x64
		{56EF8FBE-281A-4BCF-AFAA-6F6C9B8E7110}.Release|x86.ActiveCfg = Release|Win32
		{56EF8FBE-281A-4BCF-AFAA-6F6C9B8E7110}.Release|x86.Build.0 = Release|Win32
	EndGlobalSection
	GlobalSection(SolutionProperties) = preSolution
		HideSolutionNode = FALSE
	EndGlobalSection
	GlobalSection(ExtensibilityGlobals) = postSolution
		SolutionGuid = {30A9D73C-C978-49BD-BAF5-96C38CD4BC0C}
	EndGlobalSection
EndGlobal
